
Microsoft Visual Studio Solution File, Format Version 12.00
# Visual Studio 15
VisualStudioVersion = 15.0.26430.16
MinimumVisualStudioVersion = 10.0.40219.1
Project("{FAE04EC0-301F-11D3-BF4B-00C04F79EFBC}") = "JourneyIntoNyx", "JourneyIntoNyx\JourneyIntoNyx.csproj", "{26D8782E-1405-4D32-97A8-12206BAAE4AE}"
EndProject
Global
	GlobalSection(SolutionConfigurationPlatforms) = preSolution
		Debug|x86 = Debug|x86
		Release|x86 = Release|x86
	EndGlobalSection
	GlobalSection(ProjectConfigurationPlatforms) = postSolution
		{26D8782E-1405-4D32-97A8-12206BAAE4AE}.Debug|x86.ActiveCfg = Debug|x86
		{26D8782E-1405-4D32-97A8-12206BAAE4AE}.Debug|x86.Build.0 = Debug|x86
		{26D8782E-1405-4D32-97A8-12206BAAE4AE}.Release|x86.ActiveCfg = Release|x86
		{26D8782E-1405-4D32-97A8-12206BAAE4AE}.Release|x86.Build.0 = Release|x86
	EndGlobalSection
	GlobalSection(SolutionProperties) = preSolution
		HideSolutionNode = FALSE
	EndGlobalSection
EndGlobal
